
Microsoft Visual Studio Solution File, Format Version 12.00
# Visual Studio Version 16
VisualStudioVersion = 16.0.29920.165
MinimumVisualStudioVersion = 10.0.40219.1
Project("{FAE04EC0-301F-11D3-BF4B-00C04F79EFBC}") = "PostService", "PostService\PostService.csproj", "{3CF412A9-89B2-4655-A9D8-B01B1E0814C3}"
EndProject
Global
	GlobalSection(SolutionConfigurationPlatforms) = preSolution
		Debug|Any CPU = Debug|Any CPU
		Release|Any CPU = Release|Any CPU
	EndGlobalSection
	GlobalSection(ProjectConfigurationPlatforms) = postSolution
		{3CF412A9-89B2-4655-A9D8-B01B1E0814C3}.Debug|Any CPU.ActiveCfg = Debug|Any CPU
		{3CF412A9-89B2-4655-A9D8-B01B1E0814C3}.Debug|Any CPU.Build.0 = Debug|Any CPU
		{3CF412A9-89B2-4655-A9D8-B01B1E0814C3}.Release|Any CPU.ActiveCfg = Release|Any CPU
		{3CF412A9-89B2-4655-A9D8-B01B1E0814C3}.Release|Any CPU.Build.0 = Release|Any CPU
	EndGlobalSection
	GlobalSection(SolutionProperties) = preSolution
		HideSolutionNode = FALSE
	EndGlobalSection
	GlobalSection(ExtensibilityGlobals) = postSolution
		SolutionGuid = {2ECDD8F0-4DC4-43E7-8760-4B5668DFA463}
	EndGlobalSection
EndGlobal
